
Microsoft Visual Studio Solution File, Format Version 12.00
# Visual Studio 15
VisualStudioVersion = 15.0.28307.421
MinimumVisualStudioVersion = 10.0.40219.1
Project("{FAE04EC0-301F-11D3-BF4B-00C04F79EFBC}") = "Example_Recall_Form_Login_And_Register", "Example_Recall_Form_Login_And_Register\Example_Recall_Form_Login_And_Register.csproj", "{A510B849-1DB6-4FF7-A299-951D241162FE}"
EndProject
Global
	GlobalSection(SolutionConfigurationPlatforms) = preSolution
		Debug|Any CPU = Debug|Any CPU
		Release|Any CPU = Release|Any CPU
	EndGlobalSection
	GlobalSection(ProjectConfigurationPlatforms) = postSolution
		{A510B849-1DB6-4FF7-A299-951D241162FE}.Debug|Any CPU.ActiveCfg = Debug|Any CPU
		{A510B849-1DB6-4FF7-A299-951D241162FE}.Debug|Any CPU.Build.0 = Debug|Any CPU
		{A510B849-1DB6-4FF7-A299-951D241162FE}.Release|Any CPU.ActiveCfg = Release|Any CPU
		{A510B849-1DB6-4FF7-A299-951D241162FE}.Release|Any CPU.Build.0 = Release|Any CPU
	EndGlobalSection
	GlobalSection(SolutionProperties) = preSolution
		HideSolutionNode = FALSE
	EndGlobalSection
	GlobalSection(ExtensibilityGlobals) = postSolution
		SolutionGuid = {151B8EB6-EB1B-4F07-B8D5-913B961658F9}
	EndGlobalSection
EndGlobal
